
Microsoft Visual Studio Solution File, Format Version 12.00
# Visual Studio Version 17
VisualStudioVersion = 17.14.36310.24 d17.14
MinimumVisualStudioVersion = 10.0.40219.1
Project("{FAE04EC0-301F-11D3-BF4B-00C04F79EFBC}") = "Proyecto56", "Proyecto56\Proyecto56.csproj", "{B51C4060-6B0E-4C57-AE42-A023E6039C51}"
EndProject
Global
	GlobalSection(SolutionConfigurationPlatforms) = preSolution
		Debug|Any CPU = Debug|Any CPU
		Release|Any CPU = Release|Any CPU
	EndGlobalSection
	GlobalSection(ProjectConfigurationPlatforms) = postSolution
		{B51C4060-6B0E-4C57-AE42-A023E6039C51}.Debug|Any CPU.ActiveCfg = Debug|Any CPU
		{B51C4060-6B0E-4C57-AE42-A023E6039C51}.Debug|Any CPU.Build.0 = Debug|Any CPU
		{B51C4060-6B0E-4C57-AE42-A023E6039C51}.Release|Any CPU.ActiveCfg = Release|Any CPU
		{B51C4060-6B0E-4C57-AE42-A023E6039C51}.Release|Any CPU.Build.0 = Release|Any CPU
	EndGlobalSection
	GlobalSection(SolutionProperties) = preSolution
		HideSolutionNode = FALSE
	EndGlobalSection
	GlobalSection(ExtensibilityGlobals) = postSolution
		SolutionGuid = {4F09DB98-75E4-407B-B59E-0C211F2302F2}
	EndGlobalSection
EndGlobal
