
Microsoft Visual Studio Solution File, Format Version 12.00
# Visual Studio Version 17
VisualStudioVersion = 17.14.36310.24 d17.14
MinimumVisualStudioVersion = 10.0.40219.1
Project("{FAE04EC0-301F-11D3-BF4B-00C04F79EFBC}") = "Proyecto62", "Proyecto62\Proyecto62.csproj", "{251D41DE-7490-4541-8113-D559CB5073BB}"
EndProject
Global
	GlobalSection(SolutionConfigurationPlatforms) = preSolution
		Debug|Any CPU = Debug|Any CPU
		Release|Any CPU = Release|Any CPU
	EndGlobalSection
	GlobalSection(ProjectConfigurationPlatforms) = postSolution
		{251D41DE-7490-4541-8113-D559CB5073BB}.Debug|Any CPU.ActiveCfg = Debug|Any CPU
		{251D41DE-7490-4541-8113-D559CB5073BB}.Debug|Any CPU.Build.0 = Debug|Any CPU
		{251D41DE-7490-4541-8113-D559CB5073BB}.Release|Any CPU.ActiveCfg = Release|Any CPU
		{251D41DE-7490-4541-8113-D559CB5073BB}.Release|Any CPU.Build.0 = Release|Any CPU
	EndGlobalSection
	GlobalSection(SolutionProperties) = preSolution
		HideSolutionNode = FALSE
	EndGlobalSection
	GlobalSection(ExtensibilityGlobals) = postSolution
		SolutionGuid = {E37AFFC2-DFAF-4101-A780-534E7C4C6DF8}
	EndGlobalSection
EndGlobal
