
Microsoft Visual Studio Solution File, Format Version 12.00
# Visual Studio Version 17
VisualStudioVersion = 17.14.36310.24 d17.14
MinimumVisualStudioVersion = 10.0.40219.1
Project("{FAE04EC0-301F-11D3-BF4B-00C04F79EFBC}") = "Proyecto18", "Proyecto18\Proyecto18.csproj", "{B086942D-AB72-4776-9CF6-27E6A9D3410D}"
EndProject
Global
	GlobalSection(SolutionConfigurationPlatforms) = preSolution
		Debug|Any CPU = Debug|Any CPU
		Release|Any CPU = Release|Any CPU
	EndGlobalSection
	GlobalSection(ProjectConfigurationPlatforms) = postSolution
		{B086942D-AB72-4776-9CF6-27E6A9D3410D}.Debug|Any CPU.ActiveCfg = Debug|Any CPU
		{B086942D-AB72-4776-9CF6-27E6A9D3410D}.Debug|Any CPU.Build.0 = Debug|Any CPU
		{B086942D-AB72-4776-9CF6-27E6A9D3410D}.Release|Any CPU.ActiveCfg = Release|Any CPU
		{B086942D-AB72-4776-9CF6-27E6A9D3410D}.Release|Any CPU.Build.0 = Release|Any CPU
	EndGlobalSection
	GlobalSection(SolutionProperties) = preSolution
		HideSolutionNode = FALSE
	EndGlobalSection
	GlobalSection(ExtensibilityGlobals) = postSolution
		SolutionGuid = {F7494864-1B5F-4B06-B56D-76E14A9A7145}
	EndGlobalSection
EndGlobal
