
Microsoft Visual Studio Solution File, Format Version 12.00
# Visual Studio Version 17
VisualStudioVersion = 17.14.36310.24 d17.14
MinimumVisualStudioVersion = 10.0.40219.1
Project("{FAE04EC0-301F-11D3-BF4B-00C04F79EFBC}") = "Proyecto26", "Proyecto26\Proyecto26.csproj", "{31CCDA3D-C3AA-4064-9A66-77492E191712}"
EndProject
Global
	GlobalSection(SolutionConfigurationPlatforms) = preSolution
		Debug|Any CPU = Debug|Any CPU
		Release|Any CPU = Release|Any CPU
	EndGlobalSection
	GlobalSection(ProjectConfigurationPlatforms) = postSolution
		{31CCDA3D-C3AA-4064-9A66-77492E191712}.Debug|Any CPU.ActiveCfg = Debug|Any CPU
		{31CCDA3D-C3AA-4064-9A66-77492E191712}.Debug|Any CPU.Build.0 = Debug|Any CPU
		{31CCDA3D-C3AA-4064-9A66-77492E191712}.Release|Any CPU.ActiveCfg = Release|Any CPU
		{31CCDA3D-C3AA-4064-9A66-77492E191712}.Release|Any CPU.Build.0 = Release|Any CPU
	EndGlobalSection
	GlobalSection(SolutionProperties) = preSolution
		HideSolutionNode = FALSE
	EndGlobalSection
	GlobalSection(ExtensibilityGlobals) = postSolution
		SolutionGuid = {92EC329F-79AD-4D21-BB62-2FBA22C8B6BC}
	EndGlobalSection
EndGlobal
