
Microsoft Visual Studio Solution File, Format Version 12.00
# Visual Studio Version 17
VisualStudioVersion = 17.14.36310.24 d17.14
MinimumVisualStudioVersion = 10.0.40219.1
Project("{FAE04EC0-301F-11D3-BF4B-00C04F79EFBC}") = "Proyecto47-version2", "Proyecto47-version2\Proyecto47-version2.csproj", "{E9D4700E-E761-4F7E-8065-8F5E32C6AE14}"
EndProject
Global
	GlobalSection(SolutionConfigurationPlatforms) = preSolution
		Debug|Any CPU = Debug|Any CPU
		Release|Any CPU = Release|Any CPU
	EndGlobalSection
	GlobalSection(ProjectConfigurationPlatforms) = postSolution
		{E9D4700E-E761-4F7E-8065-8F5E32C6AE14}.Debug|Any CPU.ActiveCfg = Debug|Any CPU
		{E9D4700E-E761-4F7E-8065-8F5E32C6AE14}.Debug|Any CPU.Build.0 = Debug|Any CPU
		{E9D4700E-E761-4F7E-8065-8F5E32C6AE14}.Release|Any CPU.ActiveCfg = Release|Any CPU
		{E9D4700E-E761-4F7E-8065-8F5E32C6AE14}.Release|Any CPU.Build.0 = Release|Any CPU
	EndGlobalSection
	GlobalSection(SolutionProperties) = preSolution
		HideSolutionNode = FALSE
	EndGlobalSection
	GlobalSection(ExtensibilityGlobals) = postSolution
		SolutionGuid = {28B492DB-C684-44D9-9164-B1149B43FB17}
	EndGlobalSection
EndGlobal
