
Microsoft Visual Studio Solution File, Format Version 12.00
# Visual Studio Version 17
VisualStudioVersion = 17.14.36310.24 d17.14
MinimumVisualStudioVersion = 10.0.40219.1
Project("{FAE04EC0-301F-11D3-BF4B-00C04F79EFBC}") = "Proyecto49", "Proyecto49\Proyecto49.csproj", "{81CEAF47-6265-4E68-937B-10AA187C86E4}"
EndProject
Global
	GlobalSection(SolutionConfigurationPlatforms) = preSolution
		Debug|Any CPU = Debug|Any CPU
		Release|Any CPU = Release|Any CPU
	EndGlobalSection
	GlobalSection(ProjectConfigurationPlatforms) = postSolution
		{81CEAF47-6265-4E68-937B-10AA187C86E4}.Debug|Any CPU.ActiveCfg = Debug|Any CPU
		{81CEAF47-6265-4E68-937B-10AA187C86E4}.Debug|Any CPU.Build.0 = Debug|Any CPU
		{81CEAF47-6265-4E68-937B-10AA187C86E4}.Release|Any CPU.ActiveCfg = Release|Any CPU
		{81CEAF47-6265-4E68-937B-10AA187C86E4}.Release|Any CPU.Build.0 = Release|Any CPU
	EndGlobalSection
	GlobalSection(SolutionProperties) = preSolution
		HideSolutionNode = FALSE
	EndGlobalSection
	GlobalSection(ExtensibilityGlobals) = postSolution
		SolutionGuid = {1FBB4C6D-CC77-497A-AD9A-B5D52BA9F5C5}
	EndGlobalSection
EndGlobal
