
Microsoft Visual Studio Solution File, Format Version 12.00
# Visual Studio Version 17
VisualStudioVersion = 17.14.36310.24 d17.14
MinimumVisualStudioVersion = 10.0.40219.1
Project("{FAE04EC0-301F-11D3-BF4B-00C04F79EFBC}") = "Proyecto50", "Proyecto50\Proyecto50.csproj", "{0FB12C3A-9DF6-4E2E-AC3B-AEB9A227264D}"
EndProject
Global
	GlobalSection(SolutionConfigurationPlatforms) = preSolution
		Debug|Any CPU = Debug|Any CPU
		Release|Any CPU = Release|Any CPU
	EndGlobalSection
	GlobalSection(ProjectConfigurationPlatforms) = postSolution
		{0FB12C3A-9DF6-4E2E-AC3B-AEB9A227264D}.Debug|Any CPU.ActiveCfg = Debug|Any CPU
		{0FB12C3A-9DF6-4E2E-AC3B-AEB9A227264D}.Debug|Any CPU.Build.0 = Debug|Any CPU
		{0FB12C3A-9DF6-4E2E-AC3B-AEB9A227264D}.Release|Any CPU.ActiveCfg = Release|Any CPU
		{0FB12C3A-9DF6-4E2E-AC3B-AEB9A227264D}.Release|Any CPU.Build.0 = Release|Any CPU
	EndGlobalSection
	GlobalSection(SolutionProperties) = preSolution
		HideSolutionNode = FALSE
	EndGlobalSection
	GlobalSection(ExtensibilityGlobals) = postSolution
		SolutionGuid = {622164ED-2457-4109-8502-D5A2CA09D270}
	EndGlobalSection
EndGlobal
